// !$*UTF8*$!
{
	archiveVersion = 1;
	classes = {
	};
	objectVersion = 50;
	objects = {

/* Begin PBXBuildFile section */
		E81475D7223C15EF0031C38A /* Vendors.swift in Sources */ = {isa = PBXBuildFile; fileRef = E81475D6223C15EF0031C38A /* Vendors.swift */; };
		E81475DA223C160D0031C38A /* Items.swift in Sources */ = {isa = PBXBuildFile; fileRef = E81475D9223C160D0031C38A /* Items.swift */; };
		E81475DC223C16230031C38A /* ListInterface.swift in Sources */ = {isa = PBXBuildFile; fileRef = E81475DB223C16230031C38A /* ListInterface.swift */; };
		E81475E1223C3EE90031C38A /* DetailsViewController.swift in Sources */ = {isa = PBXBuildFile; fileRef = E81475E0223C3EE90031C38A /* DetailsViewController.swift */; };
		E8504291223BFC30004C27BF /* AppDelegate.swift in Sources */ = {isa = PBXBuildFile; fileRef = E8504290223BFC30004C27BF /* AppDelegate.swift */; };
		E8504293223BFC30004C27BF /* ViewController.swift in Sources */ = {isa = PBXBuildFile; fileRef = E8504292223BFC30004C27BF /* ViewController.swift */; };
		E8504296223BFC30004C27BF /* Main.storyboard in Resources */ = {isa = PBXBuildFile; fileRef = E8504294223BFC30004C27BF /* Main.storyboard */; };
		E8504298223BFC32004C27BF /* Assets.xcassets in Resources */ = {isa = PBXBuildFile; fileRef = E8504297223BFC32004C27BF /* Assets.xcassets */; };
		E850429B223BFC32004C27BF /* LaunchScreen.storyboard in Resources */ = {isa = PBXBuildFile; fileRef = E8504299223BFC32004C27BF /* LaunchScreen.storyboard */; };
		E85042A6223BFC32004C27BF /* RPVendorTrackerTests.swift in Sources */ = {isa = PBXBuildFile; fileRef = E85042A5223BFC32004C27BF /* RPVendorTrackerTests.swift */; };
		E85042B1223BFC32004C27BF /* RPVendorTrackerUITests.swift in Sources */ = {isa = PBXBuildFile; fileRef = E85042B0223BFC32004C27BF /* RPVendorTrackerUITests.swift */; };
		E85042BF223BFCEE004C27BF /* LoginViewController.swift in Sources */ = {isa = PBXBuildFile; fileRef = E85042BE223BFCEE004C27BF /* LoginViewController.swift */; };
		E8EA3DA5223C07E000C55FCA /* CustomListCell.swift in Sources */ = {isa = PBXBuildFile; fileRef = E8EA3DA4223C07E000C55FCA /* CustomListCell.swift */; };
/* End PBXBuildFile section */

/* Begin PBXContainerItemProxy section */
		E85042A2223BFC32004C27BF /* PBXContainerItemProxy */ = {
			isa = PBXContainerItemProxy;
			containerPortal = E8504285223BFC30004C27BF /* Project object */;
			proxyType = 1;
			remoteGlobalIDString = E850428C223BFC30004C27BF;
			remoteInfo = RPVendorTracker;
		};
		E85042AD223BFC32004C27BF /* PBXContainerItemProxy */ = {
			isa = PBXContainerItemProxy;
			containerPortal = E8504285223BFC30004C27BF /* Project object */;
			proxyType = 1;
			remoteGlobalIDString = E850428C223BFC30004C27BF;
			remoteInfo = RPVendorTracker;
		};
/* End PBXContainerItemProxy section */

/* Begin PBXFileReference section */
		E81475D6223C15EF0031C38A /* Vendors.swift */ = {isa = PBXFileReference; lastKnownFileType = sourcecode.swift; path = Vendors.swift; sourceTree = "<group>"; };
		E81475D9223C160D0031C38A /* Items.swift */ = {isa = PBXFileReference; lastKnownFileType = sourcecode.swift; path = Items.swift; sourceTree = "<group>"; };
		E81475DB223C16230031C38A /* ListInterface.swift */ = {isa = PBXFileReference; lastKnownFileType = sourcecode.swift; path = ListInterface.swift; sourceTree = "<group>"; };
		E81475E0223C3EE90031C38A /* DetailsViewController.swift */ = {isa = PBXFileReference; lastKnownFileType = sourcecode.swift; path = DetailsViewController.swift; sourceTree = "<group>"; };
		E850428D223BFC30004C27BF /* RPVendorTracker.app */ = {isa = PBXFileReference; explicitFileType = wrapper.application; includeInIndex = 0; path = RPVendorTracker.app; sourceTree = BUILT_PRODUCTS_DIR; };
		E8504290223BFC30004C27BF /* AppDelegate.swift */ = {isa = PBXFileReference; lastKnownFileType = sourcecode.swift; path = AppDelegate.swift; sourceTree = "<group>"; };
		E8504292223BFC30004C27BF /* ViewController.swift */ = {isa = PBXFileReference; lastKnownFileType = sourcecode.swift; path = ViewController.swift; sourceTree = "<group>"; };
		E8504295223BFC30004C27BF /* Base */ = {isa = PBXFileReference; lastKnownFileType = file.storyboard; name = Base; path = Base.lproj/Main.storyboard; sourceTree = "<group>"; };
		E8504297223BFC32004C27BF /* Assets.xcassets */ = {isa = PBXFileReference; lastKnownFileType = folder.assetcatalog; path = Assets.xcassets; sourceTree = "<group>"; };
		E850429A223BFC32004C27BF /* Base */ = {isa = PBXFileReference; lastKnownFileType = file.storyboard; name = Base; path = Base.lproj/LaunchScreen.storyboard; sourceTree = "<group>"; };
		E850429C223BFC32004C27BF /* Info.plist */ = {isa = PBXFileReference; lastKnownFileType = text.plist.xml; path = Info.plist; sourceTree = "<group>"; };
		E85042A1223BFC32004C27BF /* RPVendorTrackerTests.xctest */ = {isa = PBXFileReference; explicitFileType = wrapper.cfbundle; includeInIndex = 0; path = RPVendorTrackerTests.xctest; sourceTree = BUILT_PRODUCTS_DIR; };
		E85042A5223BFC32004C27BF /* RPVendorTrackerTests.swift */ = {isa = PBXFileReference; lastKnownFileType = sourcecode.swift; path = RPVendorTrackerTests.swift; sourceTree = "<group>"; };
		E85042A7223BFC32004C27BF /* Info.plist */ = {isa = PBXFileReference; lastKnownFileType = text.plist.xml; path = Info.plist; sourceTree = "<group>"; };
		E85042AC223BFC32004C27BF /* RPVendorTrackerUITests.xctest */ = {isa = PBXFileReference; explicitFileType = wrapper.cfbundle; includeInIndex = 0; path = RPVendorTrackerUITests.xctest; sourceTree = BUILT_PRODUCTS_DIR; };
		E85042B0223BFC32004C27BF /* RPVendorTrackerUITests.swift */ = {isa = PBXFileReference; lastKnownFileType = sourcecode.swift; path = RPVendorTrackerUITests.swift; sourceTree = "<group>"; };
		E85042B2223BFC32004C27BF /* Info.plist */ = {isa = PBXFileReference; lastKnownFileType = text.plist.xml; path = Info.plist; sourceTree = "<group>"; };
		E85042BE223BFCEE004C27BF /* LoginViewController.swift */ = {isa = PBXFileReference; fileEncoding = 4; lastKnownFileType = sourcecode.swift; path = LoginViewController.swift; sourceTree = "<group>"; };
		E8EA3DA4223C07E000C55FCA /* CustomListCell.swift */ = {isa = PBXFileReference; lastKnownFileType = sourcecode.swift; path = CustomListCell.swift; sourceTree = "<group>"; };
/* End PBXFileReference section */

/* Begin PBXFrameworksBuildPhase section */
		E850428A223BFC30004C27BF /* Frameworks */ = {
			isa = PBXFrameworksBuildPhase;
			buildActionMask = 2147483647;
			files = (
			);
			runOnlyForDeploymentPostprocessing = 0;
		};
		E850429E223BFC32004C27BF /* Frameworks */ = {
			isa = PBXFrameworksBuildPhase;
			buildActionMask = 2147483647;
			files = (
			);
			runOnlyForDeploymentPostprocessing = 0;
		};
		E85042A9223BFC32004C27BF /* Frameworks */ = {
			isa = PBXFrameworksBuildPhase;
			buildActionMask = 2147483647;
			files = (
			);
			runOnlyForDeploymentPostprocessing = 0;
		};
/* End PBXFrameworksBuildPhase section */

/* Begin PBXGroup section */
		E81475D8223C15F50031C38A /* Models */ = {
			isa = PBXGroup;
			children = (
				E81475DB223C16230031C38A /* ListInterface.swift */,
				E81475D9223C160D0031C38A /* Items.swift */,
				E81475D6223C15EF0031C38A /* Vendors.swift */,
			);
			path = Models;
			sourceTree = "<group>";
		};
		E81475DF223C33FE0031C38A /* CustomViews */ = {
			isa = PBXGroup;
			children = (
				E8EA3DA4223C07E000C55FCA /* CustomListCell.swift */,
			);
			path = CustomViews;
			sourceTree = "<group>";
		};
		E8504284223BFC30004C27BF = {
			isa = PBXGroup;
			children = (
				E850428F223BFC30004C27BF /* RPVendorTracker */,
				E85042A4223BFC32004C27BF /* RPVendorTrackerTests */,
				E85042AF223BFC32004C27BF /* RPVendorTrackerUITests */,
				E850428E223BFC30004C27BF /* Products */,
			);
			sourceTree = "<group>";
		};
		E850428E223BFC30004C27BF /* Products */ = {
			isa = PBXGroup;
			children = (
				E850428D223BFC30004C27BF /* RPVendorTracker.app */,
				E85042A1223BFC32004C27BF /* RPVendorTrackerTests.xctest */,
				E85042AC223BFC32004C27BF /* RPVendorTrackerUITests.xctest */,
			);
			name = Products;
			sourceTree = "<group>";
		};
		E850428F223BFC30004C27BF /* RPVendorTracker */ = {
			isa = PBXGroup;
			children = (
				E81475DF223C33FE0031C38A /* CustomViews */,
				E81475D8223C15F50031C38A /* Models */,
				E8EA3DA6223C0ABB00C55FCA /* Controllers */,
				E8504290223BFC30004C27BF /* AppDelegate.swift */,
				E8504294223BFC30004C27BF /* Main.storyboard */,
				E8504297223BFC32004C27BF /* Assets.xcassets */,
				E8504299223BFC32004C27BF /* LaunchScreen.storyboard */,
				E850429C223BFC32004C27BF /* Info.plist */,
			);
			path = RPVendorTracker;
			sourceTree = "<group>";
		};
		E85042A4223BFC32004C27BF /* RPVendorTrackerTests */ = {
			isa = PBXGroup;
			children = (
				E85042A5223BFC32004C27BF /* RPVendorTrackerTests.swift */,
				E85042A7223BFC32004C27BF /* Info.plist */,
			);
			path = RPVendorTrackerTests;
			sourceTree = "<group>";
		};
		E85042AF223BFC32004C27BF /* RPVendorTrackerUITests */ = {
			isa = PBXGroup;
			children = (
				E85042B0223BFC32004C27BF /* RPVendorTrackerUITests.swift */,
				E85042B2223BFC32004C27BF /* Info.plist */,
			);
			path = RPVendorTrackerUITests;
			sourceTree = "<group>";
		};
		E8EA3DA6223C0ABB00C55FCA /* Controllers */ = {
			isa = PBXGroup;
			children = (
				E8504292223BFC30004C27BF /* ViewController.swift */,
				E81475E0223C3EE90031C38A /* DetailsViewController.swift */,
				E85042BE223BFCEE004C27BF /* LoginViewController.swift */,
			);
			path = Controllers;
			sourceTree = "<group>";
		};
/* End PBXGroup section */

/* Begin PBXNativeTarget section */
		E850428C223BFC30004C27BF /* RPVendorTracker */ = {
			isa = PBXNativeTarget;
			buildConfigurationList = E85042B5223BFC32004C27BF /* Build configuration list for PBXNativeTarget "RPVendorTracker" */;
			buildPhases = (
				E8504289223BFC30004C27BF /* Sources */,
				E850428A223BFC30004C27BF /* Frameworks */,
				E850428B223BFC30004C27BF /* Resources */,
			);
			buildRules = (
			);
			dependencies = (
			);
			name = RPVendorTracker;
			productName = RPVendorTracker;
			productReference = E850428D223BFC30004C27BF /* RPVendorTracker.app */;
			productType = "com.apple.product-type.application";
		};
		E85042A0223BFC32004C27BF /* RPVendorTrackerTests */ = {
			isa = PBXNativeTarget;
			buildConfigurationList = E85042B8223BFC32004C27BF /* Build configuration list for PBXNativeTarget "RPVendorTrackerTests" */;
			buildPhases = (
				E850429D223BFC32004C27BF /* Sources */,
				E850429E223BFC32004C27BF /* Frameworks */,
				E850429F223BFC32004C27BF /* Resources */,
			);
			buildRules = (
			);
			dependencies = (
				E85042A3223BFC32004C27BF /* PBXTargetDependency */,
			);
			name = RPVendorTrackerTests;
			productName = RPVendorTrackerTests;
			productReference = E85042A1223BFC32004C27BF /* RPVendorTrackerTests.xctest */;
			productType = "com.apple.product-type.bundle.unit-test";
		};
		E85042AB223BFC32004C27BF /* RPVendorTrackerUITests */ = {
			isa = PBXNativeTarget;
			buildConfigurationList = E85042BB223BFC32004C27BF /* Build configuration list for PBXNativeTarget "RPVendorTrackerUITests" */;
			buildPhases = (
				E85042A8223BFC32004C27BF /* Sources */,
				E85042A9223BFC32004C27BF /* Frameworks */,
				E85042AA223BFC32004C27BF /* Resources */,
			);
			buildRules = (
			);
			dependencies = (
				E85042AE223BFC32004C27BF /* PBXTargetDependency */,
			);
			name = RPVendorTrackerUITests;
			productName = RPVendorTrackerUITests;
			productReference = E85042AC223BFC32004C27BF /* RPVendorTrackerUITests.xctest */;
			productType = "com.apple.product-type.bundle.ui-testing";
		};
/* End PBXNativeTarget section */

/* Begin PBXProject section */
		E8504285223BFC30004C27BF /* Project object */ = {
			isa = PBXProject;
			attributes = {
				LastSwiftUpdateCheck = 0940;
				LastUpgradeCheck = 0940;
				ORGANIZATIONNAME = "Jerome Ching";
				TargetAttributes = {
					E850428C223BFC30004C27BF = {
						CreatedOnToolsVersion = 9.4.1;
					};
					E85042A0223BFC32004C27BF = {
						CreatedOnToolsVersion = 9.4.1;
						TestTargetID = E850428C223BFC30004C27BF;
					};
					E85042AB223BFC32004C27BF = {
						CreatedOnToolsVersion = 9.4.1;
						TestTargetID = E850428C223BFC30004C27BF;
					};
				};
			};
			buildConfigurationList = E8504288223BFC30004C27BF /* Build configuration list for PBXProject "RPVendorTracker" */;
			compatibilityVersion = "Xcode 9.3";
			developmentRegion = en;
			hasScannedForEncodings = 0;
			knownRegions = (
				en,
				Base,
			);
			mainGroup = E8504284223BFC30004C27BF;
			productRefGroup = E850428E223BFC30004C27BF /* Products */;
			projectDirPath = "";
			projectRoot = "";
			targets = (
				E850428C223BFC30004C27BF /* RPVendorTracker */,
				E85042A0223BFC32004C27BF /* RPVendorTrackerTests */,
				E85042AB223BFC32004C27BF /* RPVendorTrackerUITests */,
			);
		};
/* End PBXProject section */

/* Begin PBXResourcesBuildPhase section */
		E850428B223BFC30004C27BF /* Resources */ = {
			isa = PBXResourcesBuildPhase;
			buildActionMask = 2147483647;
			files = (
				E850429B223BFC32004C27BF /* LaunchScreen.storyboard in Resources */,
				E8504298223BFC32004C27BF /* Assets.xcassets in Resources */,
				E8504296223BFC30004C27BF /* Main.storyboard in Resources */,
			);
			runOnlyForDeploymentPostprocessing = 0;
		};
		E850429F223BFC32004C27BF /* Resources */ = {
			isa = PBXResourcesBuildPhase;
			buildActionMask = 2147483647;
			files = (
			);
			runOnlyForDeploymentPostprocessing = 0;
		};
		E85042AA223BFC32004C27BF /* Resources */ = {
			isa = PBXResourcesBuildPhase;
			buildActionMask = 2147483647;
			files = (
			);
			runOnlyForDeploymentPostprocessing = 0;
		};
/* End PBXResourcesBuildPhase section */

/* Begin PBXSourcesBuildPhase section */
		E8504289223BFC30004C27BF /* Sources */ = {
			isa = PBXSourcesBuildPhase;
			buildActionMask = 2147483647;
			files = (
				E81475DC223C16230031C38A /* ListInterface.swift in Sources */,
				E81475E1223C3EE90031C38A /* DetailsViewController.swift in Sources */,
				E81475D7223C15EF0031C38A /* Vendors.swift in Sources */,
				E85042BF223BFCEE004C27BF /* LoginViewController.swift in Sources */,
				E8504293223BFC30004C27BF /* ViewController.swift in Sources */,
				E8EA3DA5223C07E000C55FCA /* CustomListCell.swift in Sources */,
				E81475DA223C160D0031C38A /* Items.swift in Sources */,
				E8504291223BFC30004C27BF /* AppDelegate.swift in Sources */,
			);
			runOnlyForDeploymentPostprocessing = 0;
		};
		E850429D223BFC32004C27BF /* Sources */ = {
			isa = PBXSourcesBuildPhase;
			buildActionMask = 2147483647;
			files = (
				E85042A6223BFC32004C27BF /* RPVendorTrackerTests.swift in Sources */,
			);
			runOnlyForDeploymentPostprocessing = 0;
		};
		E85042A8223BFC32004C27BF /* Sources */ = {
			isa = PBXSourcesBuildPhase;
			buildActionMask = 2147483647;
			files = (
				E85042B1223BFC32004C27BF /* RPVendorTrackerUITests.swift in Sources */,
			);
			runOnlyForDeploymentPostprocessing = 0;
		};
/* End PBXSourcesBuildPhase section */

/* Begin PBXTargetDependency section */
		E85042A3223BFC32004C27BF /* PBXTargetDependency */ = {
			isa = PBXTargetDependency;
			target = E850428C223BFC30004C27BF /* RPVendorTracker */;
			targetProxy = E85042A2223BFC32004C27BF /* PBXContainerItemProxy */;
		};
		E85042AE223BFC32004C27BF /* PBXTargetDependency */ = {
			isa = PBXTargetDependency;
			target = E850428C223BFC30004C27BF /* RPVendorTracker */;
			targetProxy = E85042AD223BFC32004C27BF /* PBXContainerItemProxy */;
		};
/* End PBXTargetDependency section */

/* Begin PBXVariantGroup section */
		E8504294223BFC30004C27BF /* Main.storyboard */ = {
			isa = PBXVariantGroup;
			children = (
				E8504295223BFC30004C27BF /* Base */,
			);
			name = Main.storyboard;
			sourceTree = "<group>";
		};
		E8504299223BFC32004C27BF /* LaunchScreen.storyboard */ = {
			isa = PBXVariantGroup;
			children = (
				E850429A223BFC32004C27BF /* Base */,
			);
			name = LaunchScreen.storyboard;
			sourceTree = "<group>";
		};
/* End PBXVariantGroup section */

/* Begin XCBuildConfiguration section */
		E85042B3223BFC32004C27BF /* Debug */ = {
			isa = XCBuildConfiguration;
			buildSettings = {
				ALWAYS_SEARCH_USER_PATHS = NO;
				CLANG_ANALYZER_NONNULL = YES;
				CLANG_ANALYZER_NUMBER_OBJECT_CONVERSION = YES_AGGRESSIVE;
				CLANG_CXX_LANGUAGE_STANDARD = "gnu++14";
				CLANG_CXX_LIBRARY = "libc++";
				CLANG_ENABLE_MODULES = YES;
				CLANG_ENABLE_OBJC_ARC = YES;
				CLANG_ENABLE_OBJC_WEAK = YES;
				CLANG_WARN_BLOCK_CAPTURE_AUTORELEASING = YES;
				CLANG_WARN_BOOL_CONVERSION = YES;
				CLANG_WARN_COMMA = YES;
				CLANG_WARN_CONSTANT_CONVERSION = YES;
				CLANG_WARN_DEPRECATED_OBJC_IMPLEMENTATIONS = YES;
				CLANG_WARN_DIRECT_OBJC_ISA_USAGE = YES_ERROR;
				CLANG_WARN_DOCUMENTATION_COMMENTS = YES;
				CLANG_WARN_EMPTY_BODY = YES;
				CLANG_WARN_ENUM_CONVERSION = YES;
				CLANG_WARN_INFINITE_RECURSION = YES;
				CLANG_WARN_INT_CONVERSION = YES;
				CLANG_WARN_NON_LITERAL_NULL_CONVERSION = YES;
				CLANG_WARN_OBJC_IMPLICIT_RETAIN_SELF = YES;
				CLANG_WARN_OBJC_LITERAL_CONVERSION = YES;
				CLANG_WARN_OBJC_ROOT_CLASS = YES_ERROR;
				CLANG_WARN_RANGE_LOOP_ANALYSIS = YES;
				CLANG_WARN_STRICT_PROTOTYPES = YES;
				CLANG_WARN_SUSPICIOUS_MOVE = YES;
				CLANG_WARN_UNGUARDED_AVAILABILITY = YES_AGGRESSIVE;
				CLANG_WARN_UNREACHABLE_CODE = YES;
				CLANG_WARN__DUPLICATE_METHOD_MATCH = YES;
				CODE_SIGN_IDENTITY = "iPhone Developer";
				COPY_PHASE_STRIP = NO;
				DEBUG_INFORMATION_FORMAT = dwarf;
				ENABLE_STRICT_OBJC_MSGSEND = YES;
				ENABLE_TESTABILITY = YES;
				GCC_C_LANGUAGE_STANDARD = gnu11;
				GCC_DYNAMIC_NO_PIC = NO;
				GCC_NO_COMMON_BLOCKS = YES;
				GCC_OPTIMIZATION_LEVEL = 0;
				GCC_PREPROCESSOR_DEFINITIONS = (
					"DEBUG=1",
					"$(inherited)",
				);
				GCC_WARN_64_TO_32_BIT_CONVERSION = YES;
				GCC_WARN_ABOUT_RETURN_TYPE = YES_ERROR;
				GCC_WARN_UNDECLARED_SELECTOR = YES;
				GCC_WARN_UNINITIALIZED_AUTOS = YES_AGGRESSIVE;
				GCC_WARN_UNUSED_FUNCTION = YES;
				GCC_WARN_UNUSED_VARIABLE = YES;
				IPHONEOS_DEPLOYMENT_TARGET = 11.4;
				MTL_ENABLE_DEBUG_INFO = YES;
				ONLY_ACTIVE_ARCH = YES;
				SDKROOT = iphoneos;
				SWIFT_ACTIVE_COMPILATION_CONDITIONS = DEBUG;
				SWIFT_OPTIMIZATION_LEVEL = "-Onone";
			};
			name = Debug;
		};
		E85042B4223BFC32004C27BF /* Release */ = {
			isa = XCBuildConfiguration;
			buildSettings = {
				ALWAYS_SEARCH_USER_PATHS = NO;
				CLANG_ANALYZER_NONNULL = YES;
				CLANG_ANALYZER_NUMBER_OBJECT_CONVERSION = YES_AGGRESSIVE;
				CLANG_CXX_LANGUAGE_STANDARD = "gnu++14";
				CLANG_CXX_LIBRARY = "libc++";
				CLANG_ENABLE_MODULES = YES;
				CLANG_ENABLE_OBJC_ARC = YES;
				CLANG_ENABLE_OBJC_WEAK = YES;
				CLANG_WARN_BLOCK_CAPTURE_AUTORELEASING = YES;
				CLANG_WARN_BOOL_CONVERSION = YES;
				CLANG_WARN_COMMA = YES;
				CLANG_WARN_CONSTANT_CONVERSION = YES;
				CLANG_WARN_DEPRECATED_OBJC_IMPLEMENTATIONS = YES;
				CLANG_WARN_DIRECT_OBJC_ISA_USAGE = YES_ERROR;
				CLANG_WARN_DOCUMENTATION_COMMENTS = YES;
				CLANG_WARN_EMPTY_BODY = YES;
				CLANG_WARN_ENUM_CONVERSION = YES;
				CLANG_WARN_INFINITE_RECURSION = YES;
				CLANG_WARN_INT_CONVERSION = YES;
				CLANG_WARN_NON_LITERAL_NULL_CONVERSION = YES;
				CLANG_WARN_OBJC_IMPLICIT_RETAIN_SELF = YES;
				CLANG_WARN_OBJC_LITERAL_CONVERSION = YES;
				CLANG_WARN_OBJC_ROOT_CLASS = YES_ERROR;
				CLANG_WARN_RANGE_LOOP_ANALYSIS = YES;
				CLANG_WARN_STRICT_PROTOTYPES = YES;
				CLANG_WARN_SUSPICIOUS_MOVE = YES;
				CLANG_WARN_UNGUARDED_AVAILABILITY = YES_AGGRESSIVE;
				CLANG_WARN_UNREACHABLE_CODE = YES;
				CLANG_WARN__DUPLICATE_METHOD_MATCH = YES;
				CODE_SIGN_IDENTITY = "iPhone Developer";
				COPY_PHASE_STRIP = NO;
				DEBUG_INFORMATION_FORMAT = "dwarf-with-dsym";
				ENABLE_NS_ASSERTIONS = NO;
				ENABLE_STRICT_OBJC_MSGSEND = YES;
				GCC_C_LANGUAGE_STANDARD = gnu11;
				GCC_NO_COMMON_BLOCKS = YES;
				GCC_WARN_64_TO_32_BIT_CONVERSION = YES;
				GCC_WARN_ABOUT_RETURN_TYPE = YES_ERROR;
				GCC_WARN_UNDECLARED_SELECTOR = YES;
				GCC_WARN_UNINITIALIZED_AUTOS = YES_AGGRESSIVE;
				GCC_WARN_UNUSED_FUNCTION = YES;
				GCC_WARN_UNUSED_VARIABLE = YES;
				IPHONEOS_DEPLOYMENT_TARGET = 11.4;
				MTL_ENABLE_DEBUG_INFO = NO;
				SDKROOT = iphoneos;
				SWIFT_COMPILATION_MODE = wholemodule;
				SWIFT_OPTIMIZATION_LEVEL = "-O";
				VALIDATE_PRODUCT = YES;
			};
			name = Release;
		};
		E85042B6223BFC32004C27BF /* Debug */ = {
			isa = XCBuildConfiguration;
			buildSettings = {
				ASSETCATALOG_COMPILER_APPICON_NAME = AppIcon;
				CODE_SIGN_STYLE = Automatic;
				INFOPLIST_FILE = RPVendorTracker/Info.plist;
				LD_RUNPATH_SEARCH_PATHS = (
					"$(inherited)",
					"@executable_path/Frameworks",
				);
				PRODUCT_BUNDLE_IDENTIFIER = gbc.RPVendorTracker;
				PRODUCT_NAME = "$(TARGET_NAME)";
				SWIFT_VERSION = 4.0;
				TARGETED_DEVICE_FAMILY = "1,2";
			};
			name = Debug;
		};
		E85042B7223BFC32004C27BF /* Release */ = {
			isa = XCBuildConfiguration;
			buildSettings = {
				ASSETCATALOG_COMPILER_APPICON_NAME = AppIcon;
				CODE_SIGN_STYLE = Automatic;
				INFOPLIST_FILE = RPVendorTracker/Info.plist;
				LD_RUNPATH_SEARCH_PATHS = (
					"$(inherited)",
					"@executable_path/Frameworks",
				);
				PRODUCT_BUNDLE_IDENTIFIER = gbc.RPVendorTracker;
				PRODUCT_NAME = "$(TARGET_NAME)";
				SWIFT_VERSION = 4.0;
				TARGETED_DEVICE_FAMILY = "1,2";
			};
			name = Release;
		};
		E85042B9223BFC32004C27BF /* Debug */ = {
			isa = XCBuildConfiguration;
			buildSettings = {
				ALWAYS_EMBED_SWIFT_STANDARD_LIBRARIES = YES;
				BUNDLE_LOADER = "$(TEST_HOST)";
				CODE_SIGN_STYLE = Automatic;
				INFOPLIST_FILE = RPVendorTrackerTests/Info.plist;
				LD_RUNPATH_SEARCH_PATHS = (
					"$(inherited)",
					"@executable_path/Frameworks",
					"@loader_path/Frameworks",
				);
				PRODUCT_BUNDLE_IDENTIFIER = gbc.RPVendorTrackerTests;
				PRODUCT_NAME = "$(TARGET_NAME)";
				SWIFT_VERSION = 4.0;
				TARGETED_DEVICE_FAMILY = "1,2";
				TEST_HOST = "$(BUILT_PRODUCTS_DIR)/RPVendorTracker.app/RPVendorTracker";
			};
			name = Debug;
		};
		E85042BA223BFC32004C27BF /* Release */ = {
			isa = XCBuildConfiguration;
			buildSettings = {
				ALWAYS_EMBED_SWIFT_STANDARD_LIBRARIES = YES;
				BUNDLE_LOADER = "$(TEST_HOST)";
				CODE_SIGN_STYLE = Automatic;
				INFOPLIST_FILE = RPVendorTrackerTests/Info.plist;
				LD_RUNPATH_SEARCH_PATHS = (
					"$(inherited)",
					"@executable_path/Frameworks",
					"@loader_path/Frameworks",
				);
				PRODUCT_BUNDLE_IDENTIFIER = gbc.RPVendorTrackerTests;
				PRODUCT_NAME = "$(TARGET_NAME)";
				SWIFT_VERSION = 4.0;
				TARGETED_DEVICE_FAMILY = "1,2";
				TEST_HOST = "$(BUILT_PRODUCTS_DIR)/RPVendorTracker.app/RPVendorTracker";
			};
			name = Release;
		};
		E85042BC223BFC32004C27BF /* Debug */ = {
			isa = XCBuildConfiguration;
			buildSettings = {
				ALWAYS_EMBED_SWIFT_STANDARD_LIBRARIES = YES;
				CODE_SIGN_STYLE = Automatic;
				INFOPLIST_FILE = RPVendorTrackerUITests/Info.plist;
				LD_RUNPATH_SEARCH_PATHS = (
					"$(inherited)",
					"@executable_path/Frameworks",
					"@loader_path/Frameworks",
				);
				PRODUCT_BUNDLE_IDENTIFIER = gbc.RPVendorTrackerUITests;
				PRODUCT_NAME = "$(TARGET_NAME)";
				SWIFT_VERSION = 4.0;
				TARGETED_DEVICE_FAMILY = "1,2";
				TEST_TARGET_NAME = RPVendorTracker;
			};
			name = Debug;
		};
		E85042BD223BFC32004C27BF /* Release */ = {
			isa = XCBuildConfiguration;
			buildSettings = {
				ALWAYS_EMBED_SWIFT_STANDARD_LIBRARIES = YES;
				CODE_SIGN_STYLE = Automatic;
				INFOPLIST_FILE = RPVendorTrackerUITests/Info.plist;
				LD_RUNPATH_SEARCH_PATHS = (
					"$(inherited)",
					"@executable_path/Frameworks",
					"@loader_path/Frameworks",
				);
				PRODUCT_BUNDLE_IDENTIFIER = gbc.RPVendorTrackerUITests;
				PRODUCT_NAME = "$(TARGET_NAME)";
				SWIFT_VERSION = 4.0;
				TARGETED_DEVICE_FAMILY = "1,2";
				TEST_TARGET_NAME = RPVendorTracker;
			};
			name = Release;
		};
/* End XCBuildConfiguration section */

/* Begin XCConfigurationList section */
		E8504288223BFC30004C27BF /* Build configuration list for PBXProject "RPVendorTracker" */ = {
			isa = XCConfigurationList;
			buildConfigurations = (
				E85042B3223BFC32004C27BF /* Debug */,
				E85042B4223BFC32004C27BF /* Release */,
			);
			defaultConfigurationIsVisible = 0;
			defaultConfigurationName = Release;
		};
		E85042B5223BFC32004C27BF /* Build configuration list for PBXNativeTarget "RPVendorTracker" */ = {
			isa = XCConfigurationList;
			buildConfigurations = (
				E85042B6223BFC32004C27BF /* Debug */,
				E85042B7223BFC32004C27BF /* Release */,
			);
			defaultConfigurationIsVisible = 0;
			defaultConfigurationName = Release;
		};
		E85042B8223BFC32004C27BF /* Build configuration list for PBXNativeTarget "RPVendorTrackerTests" */ = {
			isa = XCConfigurationList;
			buildConfigurations = (
				E85042B9223BFC32004C27BF /* Debug */,
				E85042BA223BFC32004C27BF /* Release */,
			);
			defaultConfigurationIsVisible = 0;
			defaultConfigurationName = Release;
		};
		E85042BB223BFC32004C27BF /* Build configuration list for PBXNativeTarget "RPVendorTrackerUITests" */ = {
			isa = XCConfigurationList;
			buildConfigurations = (
				E85042BC223BFC32004C27BF /* Debug */,
				E85042BD223BFC32004C27BF /* Release */,
			);
			defaultConfigurationIsVisible = 0;
			defaultConfigurationName = Release;
		};
/* End XCConfigurationList section */
	};
	rootObject = E8504285223BFC30004C27BF /* Project object */;
}
